<?xml version="1.0" encoding="utf-8"?>
<Project ToolsVersion="4.0" xmlns="http://schemas.microsoft.com/developer/msbuild/2003">
  <ItemGroup>
    <Filter Include="ソース ファイル">
      <UniqueIdentifier>{4FC737F1-C7A5-4376-A066-2A32D752A2FF}</UniqueIdentifier>
      <Extensions>cpp;c;cc;cxx;c++;cppm;ixx;def;odl;idl;hpj;bat;asm;asmx</Extensions>
    </Filter>
    <Filter Include="ヘッダー ファイル">
      <UniqueIdentifier>{93995380-89BD-4b04-88EB-625FBE52EBFB}</UniqueIdentifier>
      <Extensions>h;hh;hpp;hxx;h++;hm;inl;inc;ipp;xsd</Extensions>
    </Filter>
    <Filter Include="リソース ファイル">
      <UniqueIdentifier>{67DA6AB6-F800-4c08-8B7A-83BB121AAD01}</UniqueIdentifier>
      <Extensions>rc;ico;cur;bmp;dlg;rc2;rct;bin;rgs;gif;jpg;jpeg;jpe;resx;tiff;tif;png;wav;mfcribbon-ms</Extensions>
    </Filter>
    <Filter Include="ソース ファイル\Object">
      <UniqueIdentifier>{9a99e3ed-3236-479d-b4a9-acf54e518f4b}</UniqueIdentifier>
    </Filter>
    <Filter Include="ソース ファイル\Object\Enemy">
      <UniqueIdentifier>{9c4d31c1-dade-42d6-98e6-c510aa0826a2}</UniqueIdentifier>
    </Filter>
    <Filter Include="ソース ファイル\Object\Player">
      <UniqueIdentifier>{f7a9e423-628b-440f-9d55-a8455b7b7936}</UniqueIdentifier>
    </Filter>
    <Filter Include="ソース ファイル\Object\Boss">
      <UniqueIdentifier>{3b0fe40b-ef50-4706-8f71-c0f3dd14ebc4}</UniqueIdentifier>
    </Filter>
    <Filter Include="ソース ファイル\Object\Weapon">
      <UniqueIdentifier>{e0cf0e57-8af4-4668-abab-511fe27090a6}</UniqueIdentifier>
    </Filter>
    <Filter Include="ソース ファイル\Camera">
      <UniqueIdentifier>{a64a8814-a4f7-4b09-8bf5-25ee57eb4493}</UniqueIdentifier>
    </Filter>
    <Filter Include="ソース ファイル\Scene">
      <UniqueIdentifier>{eaf1b49b-1efd-446f-b570-d69a557c3470}</UniqueIdentifier>
    </Filter>
    <Filter Include="ソース ファイル\Collision">
      <UniqueIdentifier>{bd15213d-11e3-4145-a738-8e3ce010a8a6}</UniqueIdentifier>
    </Filter>
    <Filter Include="ソース ファイル\Texture">
      <UniqueIdentifier>{f46ac055-7eee-48fb-a998-1544b6735f24}</UniqueIdentifier>
    </Filter>
    <Filter Include="ソース ファイル\Material">
      <UniqueIdentifier>{f17f2e4e-e47e-4e39-85a2-b4d6a55849d1}</UniqueIdentifier>
    </Filter>
    <Filter Include="ソース ファイル\Manager">
      <UniqueIdentifier>{3ccb99a4-f2b4-479b-a377-6166d71e7158}</UniqueIdentifier>
    </Filter>
    <Filter Include="ソース ファイル\Mesh">
      <UniqueIdentifier>{9f99e242-1624-4145-b699-a5c45b3c26b8}</UniqueIdentifier>
    </Filter>
    <Filter Include="ソース ファイル\Renderer">
      <UniqueIdentifier>{3426e6f5-97e9-44ab-8abb-ae19b32de348}</UniqueIdentifier>
    </Filter>
    <Filter Include="ソース ファイル\Game">
      <UniqueIdentifier>{b4213abe-40e0-45ec-b05f-6d50f1ebf8fc}</UniqueIdentifier>
    </Filter>
    <Filter Include="ソース ファイル\Assimp">
      <UniqueIdentifier>{1df4e5e6-bf33-453c-897d-45eb1fd222eb}</UniqueIdentifier>
    </Filter>
    <Filter Include="ソース ファイル\DirectX">
      <UniqueIdentifier>{04078ca6-6bd1-493a-8bf4-3a30e9342b7a}</UniqueIdentifier>
    </Filter>
    <Filter Include="ソース ファイル\Sound">
      <UniqueIdentifier>{9763fda5-3860-49af-abd7-e5797defadfc}</UniqueIdentifier>
    </Filter>
    <Filter Include="ソース ファイル\Shader">
      <UniqueIdentifier>{c646405e-359d-4de2-8136-f3f9c4052d00}</UniqueIdentifier>
    </Filter>
    <Filter Include="ソース ファイル\Input">
      <UniqueIdentifier>{fa6d8ff6-5c97-41b0-b308-bbce423d49f8}</UniqueIdentifier>
    </Filter>
    <Filter Include="ソース ファイル\Buffer">
      <UniqueIdentifier>{073630ad-6203-45a7-b618-41bcaebf1fa7}</UniqueIdentifier>
    </Filter>
    <Filter Include="ソース ファイル\Object\Interface">
      <UniqueIdentifier>{c52f9736-3b76-4093-ac74-b96c8f60c1e5}</UniqueIdentifier>
    </Filter>
  </ItemGroup>
  <ItemGroup>
    <ClCompile Include="stb_image.cpp">
      <Filter>ソース ファイル</Filter>
    </ClCompile>
    <ClCompile Include="utility.cpp">
      <Filter>ソース ファイル</Filter>
    </ClCompile>
    <ClCompile Include="Enemy.cpp">
      <Filter>ソース ファイル\Object\Enemy</Filter>
    </ClCompile>
    <ClCompile Include="EnemyManager.cpp">
      <Filter>ソース ファイル\Object\Enemy</Filter>
    </ClCompile>
    <ClCompile Include="Player.cpp">
      <Filter>ソース ファイル\Object\Player</Filter>
    </ClCompile>
    <ClCompile Include="Boss.cpp">
      <Filter>ソース ファイル\Object\Boss</Filter>
    </ClCompile>
    <ClCompile Include="GolfBall.cpp">
      <Filter>ソース ファイル\Object</Filter>
    </ClCompile>
    <ClCompile Include="Ground.cpp">
      <Filter>ソース ファイル\Object</Filter>
    </ClCompile>
    <ClCompile Include="TestCube.cpp">
      <Filter>ソース ファイル\Object</Filter>
    </ClCompile>
    <ClCompile Include="TestModel.cpp">
      <Filter>ソース ファイル\Object</Filter>
    </ClCompile>
    <ClCompile Include="TestPlane.cpp">
      <Filter>ソース ファイル\Object</Filter>
    </ClCompile>
    <ClCompile Include="Arrow.cpp">
      <Filter>ソース ファイル\Object\Weapon</Filter>
    </ClCompile>
    <ClCompile Include="Pole.cpp">
      <Filter>ソース ファイル\Object\Weapon</Filter>
    </ClCompile>
    <ClCompile Include="Camera.cpp">
      <Filter>ソース ファイル\Camera</Filter>
    </ClCompile>
    <ClCompile Include="Scene.cpp">
      <Filter>ソース ファイル\Scene</Filter>
    </ClCompile>
    <ClCompile Include="ResultScene.cpp">
      <Filter>ソース ファイル\Scene</Filter>
    </ClCompile>
    <ClCompile Include="GameOverScene.cpp">
      <Filter>ソース ファイル\Scene</Filter>
    </ClCompile>
    <ClCompile Include="Stage1Scene.cpp">
      <Filter>ソース ファイル\Scene</Filter>
    </ClCompile>
    <ClCompile Include="Collision.cpp">
      <Filter>ソース ファイル\Collision</Filter>
    </ClCompile>
    <ClCompile Include="Texture.cpp">
      <Filter>ソース ファイル\Texture</Filter>
    </ClCompile>
    <ClCompile Include="Manager.cpp">
      <Filter>ソース ファイル\Manager</Filter>
    </ClCompile>
    <ClCompile Include="Object.cpp">
      <Filter>ソース ファイル\Object</Filter>
    </ClCompile>
    <ClCompile Include="Texture2D.cpp">
      <Filter>ソース ファイル\Texture</Filter>
    </ClCompile>
    <ClCompile Include="TitleScene.cpp">
      <Filter>ソース ファイル\Scene</Filter>
    </ClCompile>
    <ClCompile Include="StaticMesh.cpp">
      <Filter>ソース ファイル\Mesh</Filter>
    </ClCompile>
    <ClCompile Include="Renderer.cpp">
      <Filter>ソース ファイル\Renderer</Filter>
    </ClCompile>
    <ClCompile Include="Game.cpp">
      <Filter>ソース ファイル\Game</Filter>
    </ClCompile>
    <ClCompile Include="AssimpPerse.cpp">
      <Filter>ソース ファイル\Assimp</Filter>
    </ClCompile>
    <ClCompile Include="dx11helper.cpp">
      <Filter>ソース ファイル\DirectX</Filter>
    </ClCompile>
    <ClCompile Include="Application.cpp">
      <Filter>ソース ファイル</Filter>
    </ClCompile>
    <ClCompile Include="main.cpp">
      <Filter>ソース ファイル</Filter>
    </ClCompile>
    <ClCompile Include="sound.cpp">
      <Filter>ソース ファイル\Sound</Filter>
    </ClCompile>
    <ClCompile Include="input.cpp">
      <Filter>ソース ファイル\Input</Filter>
    </ClCompile>
    <ClCompile Include="Shader.cpp">
      <Filter>ソース ファイル\Shader</Filter>
    </ClCompile>
    <ClCompile Include="Weapon.cpp">
      <Filter>ソース ファイル\Object\Weapon</Filter>
    </ClCompile>
    <ClCompile Include="WeaponManager.cpp">
      <Filter>ソース ファイル\Object\Weapon</Filter>
    </ClCompile>
    <ClCompile Include="GroundManager.cpp">
      <Filter>ソース ファイル\Manager</Filter>
    </ClCompile>
  </ItemGroup>
  <ItemGroup>
    <ClInclude Include="Enemy.h">
      <Filter>ソース ファイル\Object\Enemy</Filter>
    </ClInclude>
    <ClInclude Include="EnemyManager.h">
      <Filter>ソース ファイル\Object\Enemy</Filter>
    </ClInclude>
    <ClInclude Include="GolfBall.h">
      <Filter>ソース ファイル\Object</Filter>
    </ClInclude>
    <ClInclude Include="TestCube.h">
      <Filter>ソース ファイル\Object</Filter>
    </ClInclude>
    <ClInclude Include="TestModel.h">
      <Filter>ソース ファイル\Object</Filter>
    </ClInclude>
    <ClInclude Include="TestPlane.h">
      <Filter>ソース ファイル\Object</Filter>
    </ClInclude>
    <ClInclude Include="Ground.h">
      <Filter>ソース ファイル\Object</Filter>
    </ClInclude>
    <ClInclude Include="Pole.h">
      <Filter>ソース ファイル\Object\Weapon</Filter>
    </ClInclude>
    <ClInclude Include="Arrow.h">
      <Filter>ソース ファイル\Object\Weapon</Filter>
    </ClInclude>
    <ClInclude Include="Player.h">
      <Filter>ソース ファイル\Object\Player</Filter>
    </ClInclude>
    <ClInclude Include="Camera.h">
      <Filter>ソース ファイル\Camera</Filter>
    </ClInclude>
    <ClInclude Include="Scene.h">
      <Filter>ソース ファイル\Scene</Filter>
    </ClInclude>
    <ClInclude Include="Stage1Scene.h">
      <Filter>ソース ファイル\Scene</Filter>
    </ClInclude>
    <ClInclude Include="GameOverScene.h">
      <Filter>ソース ファイル\Scene</Filter>
    </ClInclude>
    <ClInclude Include="ResultScene.h">
      <Filter>ソース ファイル\Scene</Filter>
    </ClInclude>
    <ClInclude Include="Object.h">
      <Filter>ソース ファイル\Object</Filter>
    </ClInclude>
    <ClInclude Include="Material.h">
      <Filter>ソース ファイル\Material</Filter>
    </ClInclude>
    <ClInclude Include="Boss.h">
      <Filter>ソース ファイル\Object\Boss</Filter>
    </ClInclude>
    <ClInclude Include="Mesh.h">
      <Filter>ソース ファイル\Mesh</Filter>
    </ClInclude>
    <ClInclude Include="Texture.h">
      <Filter>ソース ファイル\Texture</Filter>
    </ClInclude>
    <ClInclude Include="Manager.h">
      <Filter>ソース ファイル\Manager</Filter>
    </ClInclude>
    <ClInclude Include="Texture2D.h">
      <Filter>ソース ファイル\Texture</Filter>
    </ClInclude>
    <ClInclude Include="TitleScene.h">
      <Filter>ソース ファイル\Scene</Filter>
    </ClInclude>
    <ClInclude Include="MeshRenderer.h">
      <Filter>ソース ファイル\Renderer</Filter>
    </ClInclude>
    <ClInclude Include="Game.h">
      <Filter>ソース ファイル\Game</Filter>
    </ClInclude>
    <ClInclude Include="Renderer.h">
      <Filter>ソース ファイル\Renderer</Filter>
    </ClInclude>
    <ClInclude Include="Collision.h">
      <Filter>ソース ファイル\Collision</Filter>
    </ClInclude>
    <ClInclude Include="AssimpPerse.h">
      <Filter>ソース ファイル\Assimp</Filter>
    </ClInclude>
    <ClInclude Include="dx11helper.h">
      <Filter>ソース ファイル\DirectX</Filter>
    </ClInclude>
    <ClInclude Include="Application.h">
      <Filter>ソース ファイル</Filter>
    </ClInclude>
    <ClInclude Include="main.h">
      <Filter>ソース ファイル</Filter>
    </ClInclude>
    <ClInclude Include="resource.h">
      <Filter>ソース ファイル</Filter>
    </ClInclude>
    <ClInclude Include="stb_image.h">
      <Filter>ソース ファイル</Filter>
    </ClInclude>
    <ClInclude Include="utility.h">
      <Filter>ソース ファイル</Filter>
    </ClInclude>
    <ClInclude Include="sound.h">
      <Filter>ソース ファイル\Sound</Filter>
    </ClInclude>
    <ClInclude Include="StaticMesh.h">
      <Filter>ソース ファイル\Mesh</Filter>
    </ClInclude>
    <ClInclude Include="Shader.h">
      <Filter>ソース ファイル\Shader</Filter>
    </ClInclude>
    <ClInclude Include="input.h">
      <Filter>ソース ファイル\Input</Filter>
    </ClInclude>
    <ClInclude Include="IndexBuffer.h">
      <Filter>ソース ファイル\Buffer</Filter>
    </ClInclude>
    <ClInclude Include="VertexBuffer.h">
      <Filter>ソース ファイル\Buffer</Filter>
    </ClInclude>
    <ClInclude Include="Weapon.h">
      <Filter>ソース ファイル\Object\Weapon</Filter>
    </ClInclude>
    <ClInclude Include="WeaponManager.h">
      <Filter>ソース ファイル\Object\Weapon</Filter>
    </ClInclude>
    <ClInclude Include="IDamage.h">
      <Filter>ソース ファイル\Object\Interface</Filter>
    </ClInclude>
    <ClInclude Include="ICollider.h">
      <Filter>ソース ファイル\Object\Interface</Filter>
    </ClInclude>
    <ClInclude Include="GroundManager.h">
      <Filter>ソース ファイル\Manager</Filter>
    </ClInclude>
  </ItemGroup>
  <ItemGroup>
    <FxCompile Include="shader\common.hlsl">
      <Filter>リソース ファイル</Filter>
    </FxCompile>
    <FxCompile Include="shader\litTexturePS.hlsl">
      <Filter>リソース ファイル</Filter>
    </FxCompile>
    <FxCompile Include="shader\litTextureVS.hlsl">
      <Filter>リソース ファイル</Filter>
    </FxCompile>
    <FxCompile Include="shader\unlitTexturePS.hlsl">
      <Filter>リソース ファイル</Filter>
    </FxCompile>
    <FxCompile Include="shader\unlitTextureVS.hlsl">
      <Filter>リソース ファイル</Filter>
    </FxCompile>
  </ItemGroup>
  <ItemGroup>
    <ResourceCompile Include="アクションゲーム.rc">
      <Filter>リソース ファイル</Filter>
    </ResourceCompile>
  </ItemGroup>
</Project>